{
  "version": 4,
  "terraform_version": "1.15.9",
  "serial": 8,
  "lineage": "5d13e7b0-79fa-7e36-8ffd-f3ab8f27c84d",
  "outputs": {
    "file_name": {
      "value": "./hello.txt",
      "type": "string"
    },
    "id": {
      "value": "lab-dev-terraform",
      "type": "string"
    }
  },
  "resources": [
    {
      "mode": "managed",
      "type": "local_file",
      "name": "test",
      "provider": "provider[\"registry.terraform.io/hashicorp/local\"]",
      "instances": [
        {
          "schema_version": 0,
          "attributes": {
            "content": "Hello Amit",
            "content_base64": null,
            "content_base64sha256": "qXsAmTiu8lYp7g11rOx/prxZNpFKGF/TmLVV2JbZWo0=",
            "content_base64sha512": "xPUGV34+DsnpzZPVr3SEf+nIDZZez6luoRPtIu3Hc0MwnoUdrSGuh33qoERNN7OK+Wj8Bkd+RCWptdqqvDzlIQ==",
            "content_md5": "0128df39b2ca1d9e1d85d882ce3e6db4",
            "content_sha1": "241a566d47c36fa7d4f371d2779b1ea90d04f02b",
            "content_sha256": "a97b009938aef25629ee0d75acec7fa6bc5936914a185fd398b555d896d95a8d",
            "content_sha512": "c4f506577e3e0ec9e9cd93d5af74847fe9c80d965ecfa96ea113ed22edc77343309e851dad21ae877deaa0444d37b38af968fc06477e4425a9b5daaabc3ce521",
            "directory_permission": "0777",
            "file_permission": "0777",
            "filename": "./hello.txt",
            "id": "241a566d47c36fa7d4f371d2779b1ea90d04f02b",
            "sensitive_content": null,
            "source": null
          },
          "sensitive_attributes": [
            [
              {
                "type": "get_attr",
                "value": "sensitive_content"
              }
            ]
          ],
          "identity_schema_version": 0
        }
      ]
    }
  ],
  "check_results": [
    {
      "object_kind": "var",
      "config_addr": "module.labels.var.label_value_case",
      "status": "pass",
      "objects": [
        {
          "object_addr": "module.labels.var.label_value_case",
          "status": "pass"
        }
      ]
    },
    {
      "object_kind": "var",
      "config_addr": "module.labels.var.id_length_limit",
      "status": "pass",
      "objects": [
        {
          "object_addr": "module.labels.var.id_length_limit",
          "status": "pass"
        }
      ]
    },
    {
      "object_kind": "var",
      "config_addr": "module.labels.var.context",
      "status": "pass",
      "objects": [
        {
          "object_addr": "module.labels.var.context",
          "status": "pass"
        }
      ]
    },
    {
      "object_kind": "var",
      "config_addr": "module.labels.var.label_key_case",
      "status": "pass",
      "objects": [
        {
          "object_addr": "module.labels.var.label_key_case",
          "status": "pass"
        }
      ]
    }
  ]
}
